Microsoft Visual Studio Solution File, Format Version 12.00
# Visual Studio Version 17
VisualStudioVersion = 17.5.2.0
MinimumVisualStudioVersion = 10.0.40219.1
Project("{2150E333-8FDC-42A3-9474-1A3956D46DE8}") = "PROG2500_Calculator_Submission", "PROG2500_Calculator_Submission", "{EDCC1516-E6F1-C7B1-D7EF-21C7650E4B48}"
EndProject
Project("{2150E333-8FDC-42A3-9474-1A3956D46DE8}") = "PROG2500_WinForms_Calculator", "PROG2500_WinForms_Calculator", "{99B7EA06-570A-356D-9AE4-E83FF66D2CA5}"
EndProject
Project("{FAE04EC0-301F-11D3-BF4B-00C04F79EFBC}") = "CalculatorApp", "PROG2500_Calculator_Submission\PROG2500_WinForms_Calculator\CalculatorApp.csproj", "{FC4DF188-0DFC-DA3C-FC83-546BBF0545D4}"
EndProject
Global
	GlobalSection(SolutionConfigurationPlatforms) = preSolution
		Debug|Any CPU = Debug|Any CPU
		Release|Any CPU = Release|Any CPU
	EndGlobalSection
	GlobalSection(ProjectConfigurationPlatforms) = postSolution
		{FC4DF188-0DFC-DA3C-FC83-546BBF0545D4}.Debug|Any CPU.ActiveCfg = Debug|Any CPU
		{FC4DF188-0DFC-DA3C-FC83-546BBF0545D4}.Debug|Any CPU.Build.0 = Debug|Any CPU
		{FC4DF188-0DFC-DA3C-FC83-546BBF0545D4}.Release|Any CPU.ActiveCfg = Release|Any CPU
		{FC4DF188-0DFC-DA3C-FC83-546BBF0545D4}.Release|Any CPU.Build.0 = Release|Any CPU
	EndGlobalSection
	GlobalSection(SolutionProperties) = preSolution
		HideSolutionNode = FALSE
	EndGlobalSection
	GlobalSection(NestedProjects) = preSolution
		{99B7EA06-570A-356D-9AE4-E83FF66D2CA5} = {EDCC1516-E6F1-C7B1-D7EF-21C7650E4B48}
		{FC4DF188-0DFC-DA3C-FC83-546BBF0545D4} = {99B7EA06-570A-356D-9AE4-E83FF66D2CA5}
	EndGlobalSection
	GlobalSection(ExtensibilityGlobals) = postSolution
		SolutionGuid = {D220B708-1DA0-4FF2-93CA-C871916FCF19}
	EndGlobalSection
EndGlobal
